{
  "name": "homebridge-motion-switch-automation",
  "version": "0.0.1",
  "lockfileVersion": 3,
  "requires": true,
  "packages": {
    "": {
      "name": "homebridge-motion-switch-automation",
      "version": "0.0.1",
      "license": "ISC",
      "engines": {
        "homebridge": ">=0.2.0",
        "node": ">=0.12.0"
      }
    }
  }
}
